// !$*UTF8*$!
{
	archiveVersion = 1;
	classes = {
	};
	objectVersion = 56;
	objects = {

/* Begin PBXBuildFile section */
		09E3FD242FEB19100073862C /* music_playerApp.swift in Sources */ = {isa = PBXBuildFile; fileRef = 09E3FD232FEB19100073862C /* music_playerApp.swift */; };
		09E3FD262FEB19100073862C /* ContentView.swift in Sources */ = {isa = PBXBuildFile; fileRef = 09E3FD252FEB19100073862C /* ContentView.swift */; };
		09E3FD282FEB19120073862C /* Assets.xcassets in Resources */ = {isa = PBXBuildFile; fileRef = 09E3FD272FEB19120073862C /* Assets.xcassets */; };
		09E3FD2B2FEB19120073862C /* Preview Assets.xcassets in Resources */ = {isa = PBXBuildFile; fileRef = 09E3FD2A2FEB19120073862C /* Preview Assets.xcassets */; };
		09E3FD352FEB19120073862C /* music_playerTests.swift in Sources */ = {isa = PBXBuildFile; fileRef = 09E3FD342FEB19120073862C /* music_playerTests.swift */; };
		09E3FD3F2FEB19120073862C /* music_playerUITests.swift in Sources */ = {isa = PBXBuildFile; fileRef = 09E3FD3E2FEB19120073862C /* music_playerUITests.swift */; };
		09E3FD412FEB19120073862C /* music_playerUITestsLaunchTests.swift in Sources */ = {isa = PBXBuildFile; fileRef = 09E3FD402FEB19120073862C /* music_playerUITestsLaunchTests.swift */; };
/* End PBXBuildFile section */

/* Begin PBXContainerItemProxy section */
		09E3FD312FEB19120073862C /* PBXContainerItemProxy */ = {
			isa = PBXContainerItemProxy;
			containerPortal = 09E3FD182FEB19100073862C /* Project object */;
			proxyType = 1;
			remoteGlobalIDString = 09E3FD1F2FEB19100073862C;
			remoteInfo = "music player";
		};
		09E3FD3B2FEB19120073862C /* PBXContainerItemProxy */ = {
			isa = PBXContainerItemProxy;
			containerPortal = 09E3FD182FEB19100073862C /* Project object */;
			proxyType = 1;
			remoteGlobalIDString = 09E3FD1F2FEB19100073862C;
			remoteInfo = "music player";
		};
/* End PBXContainerItemProxy section */

/* Begin PBXFileReference section */
		090E8B7E2FEBDC5F00B552A1 /* music-player-Info.plist */ = {isa = PBXFileReference; lastKnownFileType = text.plist; path = "music-player-Info.plist"; sourceTree = SOURCE_ROOT; };
		09D7E77E2FEFD0700070E7D6 /* music player.entitlements */ = {isa = PBXFileReference; lastKnownFileType = text.plist.entitlements; path = "music player.entitlements"; sourceTree = "<group>"; };
		09E3FD202FEB19100073862C /* music player.app */ = {isa = PBXFileReference; explicitFileType = wrapper.application; includeInIndex = 0; path = "music player.app"; sourceTree = BUILT_PRODUCTS_DIR; };
		09E3FD232FEB19100073862C /* music_playerApp.swift */ = {isa = PBXFileReference; lastKnownFileType = sourcecode.swift; path = music_playerApp.swift; sourceTree = "<group>"; };
		09E3FD252FEB19100073862C /* ContentView.swift */ = {isa = PBXFileReference; lastKnownFileType = sourcecode.swift; path = ContentView.swift; sourceTree = "<group>"; };
		09E3FD272FEB19120073862C /* Assets.xcassets */ = {isa = PBXFileReference; lastKnownFileType = folder.assetcatalog; path = Assets.xcassets; sourceTree = "<group>"; };
		09E3FD2A2FEB19120073862C /* Preview Assets.xcassets */ = {isa = PBXFileReference; lastKnownFileType = folder.assetcatalog; path = "Preview Assets.xcassets"; sourceTree = "<group>"; };
		09E3FD302FEB19120073862C /* music playerTests.xctest */ = {isa = PBXFileReference; explicitFileType = wrapper.cfbundle; includeInIndex = 0; path = "music playerTests.xctest"; sourceTree = BUILT_PRODUCTS_DIR; };
		09E3FD342FEB19120073862C /* music_playerTests.swift */ = {isa = PBXFileReference; lastKnownFileType = sourcecode.swift; path = music_playerTests.swift; sourceTree = "<group>"; };
		09E3FD3A2FEB19120073862C /* music playerUITests.xctest */ = {isa = PBXFileReference; explicitFileType = wrapper.cfbundle; includeInIndex = 0; path = "music playerUITests.xctest"; sourceTree = BUILT_PRODUCTS_DIR; };
		09E3FD3E2FEB19120073862C /* music_playerUITests.swift */ = {isa = PBXFileReference; lastKnownFileType = sourcecode.swift; path = music_playerUITests.swift; sourceTree = "<group>"; };
		09E3FD402FEB19120073862C /* music_playerUITestsLaunchTests.swift */ = {isa = PBXFileReference; lastKnownFileType = sourcecode.swift; path = music_playerUITestsLaunchTests.swift; sourceTree = "<group>"; };
/* End PBXFileReference section */

/* Begin PBXFrameworksBuildPhase section */
		09E3FD1D2FEB19100073862C /* Frameworks */ = {
			isa = PBXFrameworksBuildPhase;
			buildActionMask = 2147483647;
			files = (
			);
			runOnlyForDeploymentPostprocessing = 0;
		};
		09E3FD2D2FEB19120073862C /* Frameworks */ = {
			isa = PBXFrameworksBuildPhase;
			buildActionMask = 2147483647;
			files = (
			);
			runOnlyForDeploymentPostprocessing = 0;
		};
		09E3FD372FEB19120073862C /* Frameworks */ = {
			isa = PBXFrameworksBuildPhase;
			buildActionMask = 2147483647;
			files = (
			);
			runOnlyForDeploymentPostprocessing = 0;
		};
/* End PBXFrameworksBuildPhase section */

/* Begin PBXGroup section */
		09E3FD172FEB19100073862C = {
			isa = PBXGroup;
			children = (
				09E3FD222FEB19100073862C /* music player */,
				09E3FD332FEB19120073862C /* music playerTests */,
				09E3FD3D2FEB19120073862C /* music playerUITests */,
				09E3FD212FEB19100073862C /* Products */,
			);
			sourceTree = "<group>";
		};
		09E3FD212FEB19100073862C /* Products */ = {
			isa = PBXGroup;
			children = (
				09E3FD202FEB19100073862C /* music player.app */,
				09E3FD302FEB19120073862C /* music playerTests.xctest */,
				09E3FD3A2FEB19120073862C /* music playerUITests.xctest */,
			);
			name = Products;
			sourceTree = "<group>";
		};
		09E3FD222FEB19100073862C /* music player */ = {
			isa = PBXGroup;
			children = (
				09D7E77E2FEFD0700070E7D6 /* music player.entitlements */,
				090E8B7E2FEBDC5F00B552A1 /* music-player-Info.plist */,
				09E3FD232FEB19100073862C /* music_playerApp.swift */,
				09E3FD252FEB19100073862C /* ContentView.swift */,
				09E3FD272FEB19120073862C /* Assets.xcassets */,
				09E3FD292FEB19120073862C /* Preview Content */,
			);
			path = "music player";
			sourceTree = "<group>";
		};
		09E3FD292FEB19120073862C /* Preview Content */ = {
			isa = PBXGroup;
			children = (
				09E3FD2A2FEB19120073862C /* Preview Assets.xcassets */,
			);
			path = "Preview Content";
			sourceTree = "<group>";
		};
		09E3FD332FEB19120073862C /* music playerTests */ = {
			isa = PBXGroup;
			children = (
				09E3FD342FEB19120073862C /* music_playerTests.swift */,
			);
			path = "music playerTests";
			sourceTree = "<group>";
		};
		09E3FD3D2FEB19120073862C /* music playerUITests */ = {
			isa = PBXGroup;
			children = (
				09E3FD3E2FEB19120073862C /* music_playerUITests.swift */,
				09E3FD402FEB19120073862C /* music_playerUITestsLaunchTests.swift */,
			);
			path = "music playerUITests";
			sourceTree = "<group>";
		};
/* End PBXGroup section */

/* Begin PBXNativeTarget section */
		09E3FD1F2FEB19100073862C /* music player */ = {
			isa = PBXNativeTarget;
			buildConfigurationList = 09E3FD442FEB19120073862C /* Build configuration list for PBXNativeTarget "music player" */;
			buildPhases = (
				09E3FD1C2FEB19100073862C /* Sources */,
				09E3FD1D2FEB19100073862C /* Frameworks */,
				09E3FD1E2FEB19100073862C /* Resources */,
			);
			buildRules = (
			);
			dependencies = (
			);
			name = "music player";
			productName = "music player";
			productReference = 09E3FD202FEB19100073862C /* music player.app */;
			productType = "com.apple.product-type.application";
		};
		09E3FD2F2FEB19120073862C /* music playerTests */ = {
			isa = PBXNativeTarget;
			buildConfigurationList = 09E3FD472FEB19120073862C /* Build configuration list for PBXNativeTarget "music playerTests" */;
			buildPhases = (
				09E3FD2C2FEB19120073862C /* Sources */,
				09E3FD2D2FEB19120073862C /* Frameworks */,
				09E3FD2E2FEB19120073862C /* Resources */,
			);
			buildRules = (
			);
			dependencies = (
				09E3FD322FEB19120073862C /* PBXTargetDependency */,
			);
			name = "music playerTests";
			productName = "music playerTests";
			productReference = 09E3FD302FEB19120073862C /* music playerTests.xctest */;
			productType = "com.apple.product-type.bundle.unit-test";
		};
		09E3FD392FEB19120073862C /* music playerUITests */ = {
			isa = PBXNativeTarget;
			buildConfigurationList = 09E3FD4A2FEB19120073862C /* Build configuration list for PBXNativeTarget "music playerUITests" */;
			buildPhases = (
				09E3FD362FEB19120073862C /* Sources */,
				09E3FD372FEB19120073862C /* Frameworks */,
				09E3FD382FEB19120073862C /* Resources */,
			);
			buildRules = (
			);
			dependencies = (
				09E3FD3C2FEB19120073862C /* PBXTargetDependency */,
			);
			name = "music playerUITests";
			productName = "music playerUITests";
			productReference = 09E3FD3A2FEB19120073862C /* music playerUITests.xctest */;
			productType = "com.apple.product-type.bundle.ui-testing";
		};
/* End PBXNativeTarget section */

/* Begin PBXProject section */
		09E3FD182FEB19100073862C /* Project object */ = {
			isa = PBXProject;
			attributes = {
				BuildIndependentTargetsInParallel = 1;
				LastSwiftUpdateCheck = 1540;
				LastUpgradeCheck = 1540;
				TargetAttributes = {
					09E3FD1F2FEB19100073862C = {
						CreatedOnToolsVersion = 15.4;
					};
					09E3FD2F2FEB19120073862C = {
						CreatedOnToolsVersion = 15.4;
						TestTargetID = 09E3FD1F2FEB19100073862C;
					};
					09E3FD392FEB19120073862C = {
						CreatedOnToolsVersion = 15.4;
						TestTargetID = 09E3FD1F2FEB19100073862C;
					};
				};
			};
			buildConfigurationList = 09E3FD1B2FEB19100073862C /* Build configuration list for PBXProject "music player" */;
			compatibilityVersion = "Xcode 14.0";
			developmentRegion = en;
			hasScannedForEncodings = 0;
			knownRegions = (
				en,
				Base,
			);
			mainGroup = 09E3FD172FEB19100073862C;
			productRefGroup = 09E3FD212FEB19100073862C /* Products */;
			projectDirPath = "";
			projectRoot = "";
			targets = (
				09E3FD1F2FEB19100073862C /* music player */,
				09E3FD2F2FEB19120073862C /* music playerTests */,
				09E3FD392FEB19120073862C /* music playerUITests */,
			);
		};
/* End PBXProject section */

/* Begin PBXResourcesBuildPhase section */
		09E3FD1E2FEB19100073862C /* Resources */ = {
			isa = PBXResourcesBuildPhase;
			buildActionMask = 2147483647;
			files = (
				09E3FD2B2FEB19120073862C /* Preview Assets.xcassets in Resources */,
				09E3FD282FEB19120073862C /* Assets.xcassets in Resources */,
			);
			runOnlyForDeploymentPostprocessing = 0;
		};
		09E3FD2E2FEB19120073862C /* Resources */ = {
			isa = PBXResourcesBuildPhase;
			buildActionMask = 2147483647;
			files = (
			);
			runOnlyForDeploymentPostprocessing = 0;
		};
		09E3FD382FEB19120073862C /* Resources */ = {
			isa = PBXResourcesBuildPhase;
			buildActionMask = 2147483647;
			files = (
			);
			runOnlyForDeploymentPostprocessing = 0;
		};
/* End PBXResourcesBuildPhase section */

/* Begin PBXSourcesBuildPhase section */
		09E3FD1C2FEB19100073862C /* Sources */ = {
			isa = PBXSourcesBuildPhase;
			buildActionMask = 2147483647;
			files = (
				09E3FD262FEB19100073862C /* ContentView.swift in Sources */,
				09E3FD242FEB19100073862C /* music_playerApp.swift in Sources */,
			);
			runOnlyForDeploymentPostprocessing = 0;
		};
		09E3FD2C2FEB19120073862C /* Sources */ = {
			isa = PBXSourcesBuildPhase;
			buildActionMask = 2147483647;
			files = (
				09E3FD352FEB19120073862C /* music_playerTests.swift in Sources */,
			);
			runOnlyForDeploymentPostprocessing = 0;
		};
		09E3FD362FEB19120073862C /* Sources */ = {
			isa = PBXSourcesBuildPhase;
			buildActionMask = 2147483647;
			files = (
				09E3FD3F2FEB19120073862C /* music_playerUITests.swift in Sources */,
				09E3FD412FEB19120073862C /* music_playerUITestsLaunchTests.swift in Sources */,
			);
			runOnlyForDeploymentPostprocessing = 0;
		};
/* End PBXSourcesBuildPhase section */

/* Begin PBXTargetDependency section */
		09E3FD322FEB19120073862C /* PBXTargetDependency */ = {
			isa = PBXTargetDependency;
			target = 09E3FD1F2FEB19100073862C /* music player */;
			targetProxy = 09E3FD312FEB19120073862C /* PBXContainerItemProxy */;
		};
		09E3FD3C2FEB19120073862C /* PBXTargetDependency */ = {
			isa = PBXTargetDependency;
			target = 09E3FD1F2FEB19100073862C /* music player */;
			targetProxy = 09E3FD3B2FEB19120073862C /* PBXContainerItemProxy */;
		};
/* End PBXTargetDependency section */

/* Begin XCBuildConfiguration section */
		09E3FD422FEB19120073862C /* Debug */ = {
			isa = XCBuildConfiguration;
			buildSettings = {
				ALWAYS_SEARCH_USER_PATHS = NO;
				ASSETCATALOG_COMPILER_GENERATE_SWIFT_ASSET_SYMBOL_EXTENSIONS = YES;
				CLANG_ANALYZER_NONNULL = YES;
				CLANG_ANALYZER_NUMBER_OBJECT_CONVERSION = YES_AGGRESSIVE;
				CLANG_CXX_LANGUAGE_STANDARD = "gnu++20";
				CLANG_ENABLE_MODULES = YES;
				CLANG_ENABLE_OBJC_ARC = YES;
				CLANG_ENABLE_OBJC_WEAK = YES;
				CLANG_WARN_BLOCK_CAPTURE_AUTORELEASING = YES;
				CLANG_WARN_BOOL_CONVERSION = YES;
				CLANG_WARN_COMMA = YES;
				CLANG_WARN_CONSTANT_CONVERSION = YES;
				CLANG_WARN_DEPRECATED_OBJC_IMPLEMENTATIONS = YES;
				CLANG_WARN_DIRECT_OBJC_ISA_USAGE = YES_ERROR;
				CLANG_WARN_DOCUMENTATION_COMMENTS = YES;
				CLANG_WARN_EMPTY_BODY = YES;
				CLANG_WARN_ENUM_CONVERSION = YES;
				CLANG_WARN_INFINITE_RECURSION = YES;
				CLANG_WARN_INT_CONVERSION = YES;
				CLANG_WARN_NON_LITERAL_NULL_CONVERSION = YES;
				CLANG_WARN_OBJC_IMPLICIT_RETAIN_SELF = YES;
				CLANG_WARN_OBJC_LITERAL_CONVERSION = YES;
				CLANG_WARN_OBJC_ROOT_CLASS = YES_ERROR;
				CLANG_WARN_QUOTED_INCLUDE_IN_FRAMEWORK_HEADER = YES;
				CLANG_WARN_RANGE_LOOP_ANALYSIS = YES;
				CLANG_WARN_STRICT_PROTOTYPES = YES;
				CLANG_WARN_SUSPICIOUS_MOVE = YES;
				CLANG_WARN_UNGUARDED_AVAILABILITY = YES_AGGRESSIVE;
				CLANG_WARN_UNREACHABLE_CODE = YES;
				CLANG_WARN__DUPLICATE_METHOD_MATCH = YES;
				COPY_PHASE_STRIP = NO;
				DEBUG_INFORMATION_FORMAT = dwarf;
				ENABLE_STRICT_OBJC_MSGSEND = YES;
				ENABLE_TESTABILITY = YES;
				ENABLE_USER_SCRIPT_SANDBOXING = YES;
				GCC_C_LANGUAGE_STANDARD = gnu17;
				GCC_DYNAMIC_NO_PIC = NO;
				GCC_NO_COMMON_BLOCKS = YES;
				GCC_OPTIMIZATION_LEVEL = 0;
				GCC_PREPROCESSOR_DEFINITIONS = (
					"DEBUG=1",
					"$(inherited)",
				);
				GCC_WARN_64_TO_32_BIT_CONVERSION = YES;
				GCC_WARN_ABOUT_RETURN_TYPE = YES_ERROR;
				GCC_WARN_UNDECLARED_SELECTOR = YES;
				GCC_WARN_UNINITIALIZED_AUTOS = YES_AGGRESSIVE;
				GCC_WARN_UNUSED_FUNCTION = YES;
				GCC_WARN_UNUSED_VARIABLE = YES;
				IPHONEOS_DEPLOYMENT_TARGET = 17.5;
				LOCALIZATION_PREFERS_STRING_CATALOGS = YES;
				MTL_ENABLE_DEBUG_INFO = INCLUDE_SOURCE;
				MTL_FAST_MATH = YES;
				ONLY_ACTIVE_ARCH = YES;
				SDKROOT = iphoneos;
				SWIFT_ACTIVE_COMPILATION_CONDITIONS = "DEBUG $(inherited)";
				SWIFT_OPTIMIZATION_LEVEL = "-Onone";
			};
			name = Debug;
		};
		09E3FD432FEB19120073862C /* Release */ = {
			isa = XCBuildConfiguration;
			buildSettings = {
				ALWAYS_SEARCH_USER_PATHS = NO;
				ASSETCATALOG_COMPILER_GENERATE_SWIFT_ASSET_SYMBOL_EXTENSIONS = YES;
				CLANG_ANALYZER_NONNULL = YES;
				CLANG_ANALYZER_NUMBER_OBJECT_CONVERSION = YES_AGGRESSIVE;
				CLANG_CXX_LANGUAGE_STANDARD = "gnu++20";
				CLANG_ENABLE_MODULES = YES;
				CLANG_ENABLE_OBJC_ARC = YES;
				CLANG_ENABLE_OBJC_WEAK = YES;
				CLANG_WARN_BLOCK_CAPTURE_AUTORELEASING = YES;
				CLANG_WARN_BOOL_CONVERSION = YES;
				CLANG_WARN_COMMA = YES;
				CLANG_WARN_CONSTANT_CONVERSION = YES;
				CLANG_WARN_DEPRECATED_OBJC_IMPLEMENTATIONS = YES;
				CLANG_WARN_DIRECT_OBJC_ISA_USAGE = YES_ERROR;
				CLANG_WARN_DOCUMENTATION_COMMENTS = YES;
				CLANG_WARN_EMPTY_BODY = YES;
				CLANG_WARN_ENUM_CONVERSION = YES;
				CLANG_WARN_INFINITE_RECURSION = YES;
				CLANG_WARN_INT_CONVERSION = YES;
				CLANG_WARN_NON_LITERAL_NULL_CONVERSION = YES;
				CLANG_WARN_OBJC_IMPLICIT_RETAIN_SELF = YES;
				CLANG_WARN_OBJC_LITERAL_CONVERSION = YES;
				CLANG_WARN_OBJC_ROOT_CLASS = YES_ERROR;
				CLANG_WARN_QUOTED_INCLUDE_IN_FRAMEWORK_HEADER = YES;
				CLANG_WARN_RANGE_LOOP_ANALYSIS = YES;
				CLANG_WARN_STRICT_PROTOTYPES = YES;
				CLANG_WARN_SUSPICIOUS_MOVE = YES;
				CLANG_WARN_UNGUARDED_AVAILABILITY = YES_AGGRESSIVE;
				CLANG_WARN_UNREACHABLE_CODE = YES;
				CLANG_WARN__DUPLICATE_METHOD_MATCH = YES;
				COPY_PHASE_STRIP = NO;
				DEBUG_INFORMATION_FORMAT = "dwarf-with-dsym";
				ENABLE_NS_ASSERTIONS = NO;
				ENABLE_STRICT_OBJC_MSGSEND = YES;
				ENABLE_USER_SCRIPT_SANDBOXING = YES;
				GCC_C_LANGUAGE_STANDARD = gnu17;
				GCC_NO_COMMON_BLOCKS = YES;
				GCC_WARN_64_TO_32_BIT_CONVERSION = YES;
				GCC_WARN_ABOUT_RETURN_TYPE = YES_ERROR;
				GCC_WARN_UNDECLARED_SELECTOR = YES;
				GCC_WARN_UNINITIALIZED_AUTOS = YES_AGGRESSIVE;
				GCC_WARN_UNUSED_FUNCTION = YES;
				GCC_WARN_UNUSED_VARIABLE = YES;
				IPHONEOS_DEPLOYMENT_TARGET = 17.5;
				LOCALIZATION_PREFERS_STRING_CATALOGS = YES;
				MTL_ENABLE_DEBUG_INFO = NO;
				MTL_FAST_MATH = YES;
				SDKROOT = iphoneos;
				SWIFT_COMPILATION_MODE = wholemodule;
				VALIDATE_PRODUCT = YES;
			};
			name = Release;
		};
		09E3FD452FEB19120073862C /* Debug */ = {
			isa = XCBuildConfiguration;
			buildSettings = {
				ASSETCATALOG_COMPILER_APPICON_NAME = AppIcon;
				ASSETCATALOG_COMPILER_GLOBAL_ACCENT_COLOR_NAME = AccentColor;
				CODE_SIGN_ENTITLEMENTS = "music player/music player.entitlements";
				CODE_SIGN_STYLE = Automatic;
				CURRENT_PROJECT_VERSION = 1;
				DEVELOPMENT_ASSET_PATHS = "\"music player/Preview Content\"";
				DEVELOPMENT_TEAM = K7BNMVXY4T;
				ENABLE_PREVIEWS = YES;
				GENERATE_INFOPLIST_FILE = YES;
				INFOPLIST_FILE = "music-player-Info.plist";
				INFOPLIST_KEY_UIApplicationSceneManifest_Generation = YES;
				INFOPLIST_KEY_UIApplicationSupportsIndirectInputEvents = YES;
				INFOPLIST_KEY_UILaunchScreen_Generation = YES;
				INFOPLIST_KEY_UISupportedInterfaceOrientations = UIInterfaceOrientationPortrait;
				INFOPLIST_KEY_UISupportedInterfaceOrientations_iPad = "UIInterfaceOrientationPortrait UIInterfaceOrientationPortraitUpsideDown";
				IPHONEOS_DEPLOYMENT_TARGET = 15.0;
				LD_RUNPATH_SEARCH_PATHS = (
					"$(inherited)",
					"@executable_path/Frameworks",
				);
				MARKETING_VERSION = 1.0;
				PRODUCT_BUNDLE_IDENTIFIER = "aswer.music-player";
				PRODUCT_NAME = "$(TARGET_NAME)";
				SUPPORTED_PLATFORMS = "iphoneos iphonesimulator";
				SUPPORTS_MACCATALYST = NO;
				SWIFT_EMIT_LOC_STRINGS = YES;
				SWIFT_VERSION = 5.0;
				TARGETED_DEVICE_FAMILY = "1,2";
			};
			name = Debug;
		};
		09E3FD462FEB19120073862C /* Release */ = {
			isa = XCBuildConfiguration;
			buildSettings = {
				ASSETCATALOG_COMPILER_APPICON_NAME = AppIcon;
				ASSETCATALOG_COMPILER_GLOBAL_ACCENT_COLOR_NAME = AccentColor;
				CODE_SIGN_ENTITLEMENTS = "music player/music player.entitlements";
				CODE_SIGN_STYLE = Automatic;
				CURRENT_PROJECT_VERSION = 1;
				DEVELOPMENT_ASSET_PATHS = "\"music player/Preview Content\"";
				DEVELOPMENT_TEAM = K7BNMVXY4T;
				ENABLE_PREVIEWS = YES;
				GENERATE_INFOPLIST_FILE = YES;
				INFOPLIST_FILE = "music-player-Info.plist";
				INFOPLIST_KEY_UIApplicationSceneManifest_Generation = YES;
				INFOPLIST_KEY_UIApplicationSupportsIndirectInputEvents = YES;
				INFOPLIST_KEY_UILaunchScreen_Generation = YES;
				INFOPLIST_KEY_UISupportedInterfaceOrientations = UIInterfaceOrientationPortrait;
				INFOPLIST_KEY_UISupportedInterfaceOrientations_iPad = "UIInterfaceOrientationPortrait UIInterfaceOrientationPortraitUpsideDown";
				IPHONEOS_DEPLOYMENT_TARGET = 15.0;
				LD_RUNPATH_SEARCH_PATHS = (
					"$(inherited)",
					"@executable_path/Frameworks",
				);
				MARKETING_VERSION = 1.0;
				PRODUCT_BUNDLE_IDENTIFIER = "aswer.music-player";
				PRODUCT_NAME = "$(TARGET_NAME)";
				SUPPORTED_PLATFORMS = "iphoneos iphonesimulator";
				SUPPORTS_MACCATALYST = NO;
				SWIFT_EMIT_LOC_STRINGS = YES;
				SWIFT_VERSION = 5.0;
				TARGETED_DEVICE_FAMILY = "1,2";
			};
			name = Release;
		};
		09E3FD482FEB19120073862C /* Debug */ = {
			isa = XCBuildConfiguration;
			buildSettings = {
				ALWAYS_EMBED_SWIFT_STANDARD_LIBRARIES = YES;
				BUNDLE_LOADER = "$(TEST_HOST)";
				CODE_SIGN_STYLE = Automatic;
				CURRENT_PROJECT_VERSION = 1;
				DEVELOPMENT_TEAM = K7BNMVXY4T;
				GENERATE_INFOPLIST_FILE = YES;
				IPHONEOS_DEPLOYMENT_TARGET = 17.5;
				MARKETING_VERSION = 1.0;
				PRODUCT_BUNDLE_IDENTIFIER = "aswer.music-playerTests";
				PRODUCT_NAME = "$(TARGET_NAME)";
				SWIFT_EMIT_LOC_STRINGS = NO;
				SWIFT_VERSION = 5.0;
				TARGETED_DEVICE_FAMILY = "1,2";
				TEST_HOST = "$(BUILT_PRODUCTS_DIR)/music player.app/$(BUNDLE_EXECUTABLE_FOLDER_PATH)/music player";
			};
			name = Debug;
		};
		09E3FD492FEB19120073862C /* Release */ = {
			isa = XCBuildConfiguration;
			buildSettings = {
				ALWAYS_EMBED_SWIFT_STANDARD_LIBRARIES = YES;
				BUNDLE_LOADER = "$(TEST_HOST)";
				CODE_SIGN_STYLE = Automatic;
				CURRENT_PROJECT_VERSION = 1;
				DEVELOPMENT_TEAM = K7BNMVXY4T;
				GENERATE_INFOPLIST_FILE = YES;
				IPHONEOS_DEPLOYMENT_TARGET = 17.5;
				MARKETING_VERSION = 1.0;
				PRODUCT_BUNDLE_IDENTIFIER = "aswer.music-playerTests";
				PRODUCT_NAME = "$(TARGET_NAME)";
				SWIFT_EMIT_LOC_STRINGS = NO;
				SWIFT_VERSION = 5.0;
				TARGETED_DEVICE_FAMILY = "1,2";
				TEST_HOST = "$(BUILT_PRODUCTS_DIR)/music player.app/$(BUNDLE_EXECUTABLE_FOLDER_PATH)/music player";
			};
			name = Release;
		};
		09E3FD4B2FEB19120073862C /* Debug */ = {
			isa = XCBuildConfiguration;
			buildSettings = {
				ALWAYS_EMBED_SWIFT_STANDARD_LIBRARIES = YES;
				CODE_SIGN_STYLE = Automatic;
				CURRENT_PROJECT_VERSION = 1;
				DEVELOPMENT_TEAM = K7BNMVXY4T;
				GENERATE_INFOPLIST_FILE = YES;
				MARKETING_VERSION = 1.0;
				PRODUCT_BUNDLE_IDENTIFIER = "aswer.music-playerUITests";
				PRODUCT_NAME = "$(TARGET_NAME)";
				SWIFT_EMIT_LOC_STRINGS = NO;
				SWIFT_VERSION = 5.0;
				TARGETED_DEVICE_FAMILY = "1,2";
				TEST_TARGET_NAME = "music player";
			};
			name = Debug;
		};
		09E3FD4C2FEB19120073862C /* Release */ = {
			isa = XCBuildConfiguration;
			buildSettings = {
				ALWAYS_EMBED_SWIFT_STANDARD_LIBRARIES = YES;
				CODE_SIGN_STYLE = Automatic;
				CURRENT_PROJECT_VERSION = 1;
				DEVELOPMENT_TEAM = K7BNMVXY4T;
				GENERATE_INFOPLIST_FILE = YES;
				MARKETING_VERSION = 1.0;
				PRODUCT_BUNDLE_IDENTIFIER = "aswer.music-playerUITests";
				PRODUCT_NAME = "$(TARGET_NAME)";
				SWIFT_EMIT_LOC_STRINGS = NO;
				SWIFT_VERSION = 5.0;
				TARGETED_DEVICE_FAMILY = "1,2";
				TEST_TARGET_NAME = "music player";
			};
			name = Release;
		};
/* End XCBuildConfiguration section */

/* Begin XCConfigurationList section */
		09E3FD1B2FEB19100073862C /* Build configuration list for PBXProject "music player" */ = {
			isa = XCConfigurationList;
			buildConfigurations = (
				09E3FD422FEB19120073862C /* Debug */,
				09E3FD432FEB19120073862C /* Release */,
			);
			defaultConfigurationIsVisible = 0;
			defaultConfigurationName = Release;
		};
		09E3FD442FEB19120073862C /* Build configuration list for PBXNativeTarget "music player" */ = {
			isa = XCConfigurationList;
			buildConfigurations = (
				09E3FD452FEB19120073862C /* Debug */,
				09E3FD462FEB19120073862C /* Release */,
			);
			defaultConfigurationIsVisible = 0;
			defaultConfigurationName = Release;
		};
		09E3FD472FEB19120073862C /* Build configuration list for PBXNativeTarget "music playerTests" */ = {
			isa = XCConfigurationList;
			buildConfigurations = (
				09E3FD482FEB19120073862C /* Debug */,
				09E3FD492FEB19120073862C /* Release */,
			);
			defaultConfigurationIsVisible = 0;
			defaultConfigurationName = Release;
		};
		09E3FD4A2FEB19120073862C /* Build configuration list for PBXNativeTarget "music playerUITests" */ = {
			isa = XCConfigurationList;
			buildConfigurations = (
				09E3FD4B2FEB19120073862C /* Debug */,
				09E3FD4C2FEB19120073862C /* Release */,
			);
			defaultConfigurationIsVisible = 0;
			defaultConfigurationName = Release;
		};
/* End XCConfigurationList section */
	};
	rootObject = 09E3FD182FEB19100073862C /* Project object */;
}
